
Microsoft Visual Studio Solution File, Format Version 12.00
Project("{FAE04EC0-301F-11D3-BF4B-00C04F79EFBC}") = "Marrodent.ServicesDashboard", "Marrodent.ServicesDashboard\Marrodent.ServicesDashboard.csproj", "{F1B5E6B4-DCA8-4BC0-B564-872B000D8F21}"
EndProject
Project("{FAE04EC0-301F-11D3-BF4B-00C04F79EFBC}") = "Marrodent.ServicesDashboard.ConfigurationBuilder", "Marrodent.ServicesDashboard.ConfigurationBuilder\Marrodent.ServicesDashboard.ConfigurationBuilder.csproj", "{1CDBC231-F4EA-463B-9316-F437D7EC35A0}"
EndProject
Global
	GlobalSection(SolutionConfigurationPlatforms) = preSolution
		Debug|Any CPU = Debug|Any CPU
		Release|Any CPU = Release|Any CPU
	EndGlobalSection
	GlobalSection(ProjectConfigurationPlatforms) = postSolution
		{F1B5E6B4-DCA8-4BC0-B564-872B000D8F21}.Debug|Any CPU.ActiveCfg = Debug|Any CPU
		{F1B5E6B4-DCA8-4BC0-B564-872B000D8F21}.Debug|Any CPU.Build.0 = Debug|Any CPU
		{F1B5E6B4-DCA8-4BC0-B564-872B000D8F21}.Release|Any CPU.ActiveCfg = Release|Any CPU
		{F1B5E6B4-DCA8-4BC0-B564-872B000D8F21}.Release|Any CPU.Build.0 = Release|Any CPU
		{1CDBC231-F4EA-463B-9316-F437D7EC35A0}.Debug|Any CPU.ActiveCfg = Debug|Any CPU
		{1CDBC231-F4EA-463B-9316-F437D7EC35A0}.Debug|Any CPU.Build.0 = Debug|Any CPU
		{1CDBC231-F4EA-463B-9316-F437D7EC35A0}.Release|Any CPU.ActiveCfg = Release|Any CPU
		{1CDBC231-F4EA-463B-9316-F437D7EC35A0}.Release|Any CPU.Build.0 = Release|Any CPU
	EndGlobalSection
EndGlobal
